
Microsoft Visual Studio Solution File, Format Version 12.00
# Visual Studio Version 17
VisualStudioVersion = 17.7.34031.279
MinimumVisualStudioVersion = 10.0.40219.1
Project("{FAE04EC0-301F-11D3-BF4B-00C04F79EFBC}") = "P5_1_714220039", "P5_1_714220039.csproj", "{FBB17079-E89B-4BB1-B99C-3B1EA1D6B74C}"
EndProject
Global
	GlobalSection(SolutionConfigurationPlatforms) = preSolution
		Debug|Any CPU = Debug|Any CPU
		Release|Any CPU = Release|Any CPU
	EndGlobalSection
	GlobalSection(ProjectConfigurationPlatforms) = postSolution
		{FBB17079-E89B-4BB1-B99C-3B1EA1D6B74C}.Debug|Any CPU.ActiveCfg = Debug|Any CPU
		{FBB17079-E89B-4BB1-B99C-3B1EA1D6B74C}.Debug|Any CPU.Build.0 = Debug|Any CPU
		{FBB17079-E89B-4BB1-B99C-3B1EA1D6B74C}.Release|Any CPU.ActiveCfg = Release|Any CPU
		{FBB17079-E89B-4BB1-B99C-3B1EA1D6B74C}.Release|Any CPU.Build.0 = Release|Any CPU
	EndGlobalSection
	GlobalSection(SolutionProperties) = preSolution
		HideSolutionNode = FALSE
	EndGlobalSection
	GlobalSection(ExtensibilityGlobals) = postSolution
		SolutionGuid = {1F701BA1-093D-4D81-893F-37601A2F2FB2}
	EndGlobalSection
EndGlobal
