
Microsoft Visual Studio Solution File, Format Version 12.00
# Visual Studio Version 17
VisualStudioVersion = 17.7.34031.279
MinimumVisualStudioVersion = 10.0.40219.1
Project("{FAE04EC0-301F-11D3-BF4B-00C04F79EFBC}") = "P5_4_714220039", "P5_4_714220039.csproj", "{C7A45DD5-07DC-45BB-8429-63C5C624D2A6}"
EndProject
Global
	GlobalSection(SolutionConfigurationPlatforms) = preSolution
		Debug|Any CPU = Debug|Any CPU
		Release|Any CPU = Release|Any CPU
	EndGlobalSection
	GlobalSection(ProjectConfigurationPlatforms) = postSolution
		{C7A45DD5-07DC-45BB-8429-63C5C624D2A6}.Debug|Any CPU.ActiveCfg = Debug|Any CPU
		{C7A45DD5-07DC-45BB-8429-63C5C624D2A6}.Debug|Any CPU.Build.0 = Debug|Any CPU
		{C7A45DD5-07DC-45BB-8429-63C5C624D2A6}.Release|Any CPU.ActiveCfg = Release|Any CPU
		{C7A45DD5-07DC-45BB-8429-63C5C624D2A6}.Release|Any CPU.Build.0 = Release|Any CPU
	EndGlobalSection
	GlobalSection(SolutionProperties) = preSolution
		HideSolutionNode = FALSE
	EndGlobalSection
	GlobalSection(ExtensibilityGlobals) = postSolution
		SolutionGuid = {D4F4B339-2507-4D53-9A46-3E5D6BC3D117}
	EndGlobalSection
EndGlobal
